
Microsoft Visual Studio Solution File, Format Version 12.00
# Visual Studio 15
VisualStudioVersion = 15.0.26430.6
MinimumVisualStudioVersion = 10.0.40219.1
Project("{FAE04EC0-301F-11D3-BF4B-00C04F79EFBC}") = "XFCogServices.Android", "XFCogServices\XFCogServices.Android\XFCogServices.Android.csproj", "{FD7104B3-6782-4D96-9C22-19A6A6F177A4}"
EndProject
Project("{FAE04EC0-301F-11D3-BF4B-00C04F79EFBC}") = "XFCogServices", "XFCogServices\XFCogServices\XFCogServices.csproj", "{46BBD655-655F-46E7-824E-2FBB2CE7AD45}"
EndProject
Project("{FAE04EC0-301F-11D3-BF4B-00C04F79EFBC}") = "XFCogServices.UWP", "XFCogServices\XFCogServices.UWP\XFCogServices.UWP.csproj", "{C893FC65-3EA5-4CBB-8532-CAA915C8AD52}"
EndProject
Project("{FAE04EC0-301F-11D3-BF4B-00C04F79EFBC}") = "XFCogServices.iOS", "XFCogServices\XFCogServices.iOS\XFCogServices.iOS.csproj", "{DCDAA5BF-CBAE-4915-881A-7330CF2261F6}"
EndProject
Global
	GlobalSection(SolutionConfigurationPlatforms) = preSolution
		Ad-Hoc|Any CPU = Ad-Hoc|Any CPU
		Ad-Hoc|ARM = Ad-Hoc|ARM
		Ad-Hoc|iPhone = Ad-Hoc|iPhone
		Ad-Hoc|iPhoneSimulator = Ad-Hoc|iPhoneSimulator
		Ad-Hoc|x64 = Ad-Hoc|x64
		Ad-Hoc|x86 = Ad-Hoc|x86
		AppStore|Any CPU = AppStore|Any CPU
		AppStore|ARM = AppStore|ARM
		AppStore|iPhone = AppStore|iPhone
		AppStore|iPhoneSimulator = AppStore|iPhoneSimulator
		AppStore|x64 = AppStore|x64
		AppStore|x86 = AppStore|x86
		Debug|Any CPU = Debug|Any CPU
		Debug|ARM = Debug|ARM
		Debug|iPhone = Debug|iPhone
		Debug|iPhoneSimulator = Debug|iPhoneSimulator
		Debug|x64 = Debug|x64
		Debug|x86 = Debug|x86
		Release|Any CPU = Release|Any CPU
		Release|ARM = Release|ARM
		Release|iPhone = Release|iPhone
		Release|iPhoneSimulator = Release|iPhoneSimulator
		Release|x64 = Release|x64
		Release|x86 = Release|x86
	EndGlobalSection
	GlobalSection(ProjectConfigurationPlatforms) = postSolution
		{FD7104B3-6782-4D96-9C22-19A6A6F177A4}.Ad-Hoc|Any CPU.ActiveCfg = Release|Any CPU
		{FD7104B3-6782-4D96-9C22-19A6A6F177A4}.Ad-Hoc|Any CPU.Build.0 = Release|Any CPU
		{FD7104B3-6782-4D96-9C22-19A6A6F177A4}.Ad-Hoc|Any CPU.Deploy.0 = Release|Any CPU
		{FD7104B3-6782-4D96-9C22-19A6A6F177A4}.Ad-Hoc|ARM.ActiveCfg = Release|Any CPU
		{FD7104B3-6782-4D96-9C22-19A6A6F177A4}.Ad-Hoc|ARM.Build.0 = Release|Any CPU
		{FD7104B3-6782-4D96-9C22-19A6A6F177A4}.Ad-Hoc|ARM.Deploy.0 = Release|Any CPU
		{FD7104B3-6782-4D96-9C22-19A6A6F177A4}.Ad-Hoc|iPhone.ActiveCfg = Release|Any CPU
		{FD7104B3-6782-4D96-9C22-19A6A6F177A4}.Ad-Hoc|iPhone.Build.0 = Release|Any CPU
		{FD7104B3-6782-4D96-9C22-19A6A6F177A4}.Ad-Hoc|iPhone.Deploy.0 = Release|Any CPU
		{FD7104B3-6782-4D96-9C22-19A6A6F177A4}.Ad-Hoc|iPhoneSimulator.ActiveCfg = Release|Any CPU
		{FD7104B3-6782-4D96-9C22-19A6A6F177A4}.Ad-Hoc|iPhoneSimulator.Build.0 = Release|Any CPU
		{FD7104B3-6782-4D96-9C22-19A6A6F177A4}.Ad-Hoc|iPhoneSimulator.Deploy.0 = Release|Any CPU
		{FD7104B3-6782-4D96-9C22-19A6A6F177A4}.Ad-Hoc|x64.ActiveCfg = Release|Any CPU
		{FD7104B3-6782-4D96-9C22-19A6A6F177A4}.Ad-Hoc|x64.Build.0 = Release|Any CPU
		{FD7104B3-6782-4D96-9C22-19A6A6F177A4}.Ad-Hoc|x64.Deploy.0 = Release|Any CPU
		{FD7104B3-6782-4D96-9C22-19A6A6F177A4}.Ad-Hoc|x86.ActiveCfg = Release|Any CPU
		{FD7104B3-6782-4D96-9C22-19A6A6F177A4}.Ad-Hoc|x86.Build.0 = Release|Any CPU
		{FD7104B3-6782-4D96-9C22-19A6A6F177A4}.Ad-Hoc|x86.Deploy.0 = Release|Any CPU
		{FD7104B3-6782-4D96-9C22-19A6A6F177A4}.AppStore|Any CPU.ActiveCfg = Release|Any CPU
		{FD7104B3-6782-4D96-9C22-19A6A6F177A4}.AppStore|Any CPU.Build.0 = Release|Any CPU
		{FD7104B3-6782-4D96-9C22-19A6A6F177A4}.AppStore|Any CPU.Deploy.0 = Release|Any CPU
		{FD7104B3-6782-4D96-9C22-19A6A6F177A4}.AppStore|ARM.ActiveCfg = Release|Any CPU
		{FD7104B3-6782-4D96-9C22-19A6A6F177A4}.AppStore|ARM.Build.0 = Release|Any CPU
		{FD7104B3-6782-4D96-9C22-19A6A6F177A4}.AppStore|ARM.Deploy.0 = Release|Any CPU
		{FD7104B3-6782-4D96-9C22-19A6A6F177A4}.AppStore|iPhone.ActiveCfg = Release|Any CPU
		{FD7104B3-6782-4D96-9C22-19A6A6F177A4}.AppStore|iPhone.Build.0 = Release|Any CPU
		{FD7104B3-6782-4D96-9C22-19A6A6F177A4}.AppStore|iPhone.Deploy.0 = Release|Any CPU
		{FD7104B3-6782-4D96-9C22-19A6A6F177A4}.AppStore|iPhoneSimulator.ActiveCfg = Release|Any CPU
		{FD7104B3-6782-4D96-9C22-19A6A6F177A4}.AppStore|iPhoneSimulator.Build.0 = Release|Any CPU
		{FD7104B3-6782-4D96-9C22-19A6A6F177A4}.AppStore|iPhoneSimulator.Deploy.0 = Release|Any CPU
		{FD7104B3-6782-4D96-9C22-19A6A6F177A4}.AppStore|x64.ActiveCfg = Release|Any CPU
		{FD7104B3-6782-4D96-9C22-19A6A6F177A4}.AppStore|x64.Build.0 = Release|Any CPU
		{FD7104B3-6782-4D96-9C22-19A6A6F177A4}.AppStore|x64.Deploy.0 = Release|Any CPU
		{FD7104B3-6782-4D96-9C22-19A6A6F177A4}.AppStore|x86.ActiveCfg = Release|Any CPU
		{FD7104B3-6782-4D96-9C22-19A6A6F177A4}.AppStore|x86.Build.0 = Release|Any CPU
		{FD7104B3-6782-4D96-9C22-19A6A6F177A4}.AppStore|x86.Deploy.0 = Release|Any CPU
		{FD7104B3-6782-4D96-9C22-19A6A6F177A4}.Debug|Any CPU.ActiveCfg = Debug|Any CPU
		{FD7104B3-6782-4D96-9C22-19A6A6F177A4}.Debug|Any CPU.Build.0 = Debug|Any CPU
		{FD7104B3-6782-4D96-9C22-19A6A6F177A4}.Debug|Any CPU.Deploy.0 = Debug|Any CPU
		{FD7104B3-6782-4D96-9C22-19A6A6F177A4}.Debug|ARM.ActiveCfg = Debug|Any CPU
		{FD7104B3-6782-4D96-9C22-19A6A6F177A4}.Debug|ARM.Build.0 = Debug|Any CPU
		{FD7104B3-6782-4D96-9C22-19A6A6F177A4}.Debug|ARM.Deploy.0 = Debug|Any CPU
		{FD7104B3-6782-4D96-9C22-19A6A6F177A4}.Debug|iPhone.ActiveCfg = Debug|Any CPU
		{FD7104B3-6782-4D96-9C22-19A6A6F177A4}.Debug|iPhone.Build.0 = Debug|Any CPU
		{FD7104B3-6782-4D96-9C22-19A6A6F177A4}.Debug|iPhone.Deploy.0 = Debug|Any CPU
		{FD7104B3-6782-4D96-9C22-19A6A6F177A4}.Debug|iPhoneSimulator.ActiveCfg = Debug|Any CPU
		{FD7104B3-6782-4D96-9C22-19A6A6F177A4}.Debug|iPhoneSimulator.Build.0 = Debug|Any CPU
		{FD7104B3-6782-4D96-9C22-19A6A6F177A4}.Debug|iPhoneSimulator.Deploy.0 = Debug|Any CPU
		{FD7104B3-6782-4D96-9C22-19A6A6F177A4}.Debug|x64.ActiveCfg = Debug|Any CPU
		{FD7104B3-6782-4D96-9C22-19A6A6F177A4}.Debug|x64.Build.0 = Debug|Any CPU
		{FD7104B3-6782-4D96-9C22-19A6A6F177A4}.Debug|x64.Deploy.0 = Debug|Any CPU
		{FD7104B3-6782-4D96-9C22-19A6A6F177A4}.Debug|x86.ActiveCfg = Debug|Any CPU
		{FD7104B3-6782-4D96-9C22-19A6A6F177A4}.Debug|x86.Build.0 = Debug|Any CPU
		{FD7104B3-6782-4D96-9C22-19A6A6F177A4}.Debug|x86.Deploy.0 = Debug|Any CPU
		{FD7104B3-6782-4D96-9C22-19A6A6F177A4}.Release|Any CPU.ActiveCfg = Release|Any CPU
		{FD7104B3-6782-4D96-9C22-19A6A6F177A4}.Release|Any CPU.Build.0 = Release|Any CPU
		{FD7104B3-6782-4D96-9C22-19A6A6F177A4}.Release|Any CPU.Deploy.0 = Release|Any CPU
		{FD7104B3-6782-4D96-9C22-19A6A6F177A4}.Release|ARM.ActiveCfg = Release|Any CPU
		{FD7104B3-6782-4D96-9C22-19A6A6F177A4}.Release|ARM.Build.0 = Release|Any CPU
		{FD7104B3-6782-4D96-9C22-19A6A6F177A4}.Release|ARM.Deploy.0 = Release|Any CPU
		{FD7104B3-6782-4D96-9C22-19A6A6F177A4}.Release|iPhone.ActiveCfg = Release|Any CPU
		{FD7104B3-6782-4D96-9C22-19A6A6F177A4}.Release|iPhone.Build.0 = Release|Any CPU
		{FD7104B3-6782-4D96-9C22-19A6A6F177A4}.Release|iPhone.Deploy.0 = Release|Any CPU
		{FD7104B3-6782-4D96-9C22-19A6A6F177A4}.Release|iPhoneSimulator.ActiveCfg = Release|Any CPU
		{FD7104B3-6782-4D96-9C22-19A6A6F177A4}.Release|iPhoneSimulator.Build.0 = Release|Any CPU
		{FD7104B3-6782-4D96-9C22-19A6A6F177A4}.Release|iPhoneSimulator.Deploy.0 = Release|Any CPU
		{FD7104B3-6782-4D96-9C22-19A6A6F177A4}.Release|x64.ActiveCfg = Release|Any CPU
		{FD7104B3-6782-4D96-9C22-19A6A6F177A4}.Release|x64.Build.0 = Release|Any CPU
		{FD7104B3-6782-4D96-9C22-19A6A6F177A4}.Release|x64.Deploy.0 = Release|Any CPU
		{FD7104B3-6782-4D96-9C22-19A6A6F177A4}.Release|x86.ActiveCfg = Release|Any CPU
		{FD7104B3-6782-4D96-9C22-19A6A6F177A4}.Release|x86.Build.0 = Release|Any CPU
		{FD7104B3-6782-4D96-9C22-19A6A6F177A4}.Release|x86.Deploy.0 = Release|Any CPU
		{46BBD655-655F-46E7-824E-2FBB2CE7AD45}.Ad-Hoc|Any CPU.ActiveCfg = Release|Any CPU
		{46BBD655-655F-46E7-824E-2FBB2CE7AD45}.Ad-Hoc|Any CPU.Build.0 = Release|Any CPU
		{46BBD655-655F-46E7-824E-2FBB2CE7AD45}.Ad-Hoc|ARM.ActiveCfg = Release|Any CPU
		{46BBD655-655F-46E7-824E-2FBB2CE7AD45}.Ad-Hoc|ARM.Build.0 = Release|Any CPU
		{46BBD655-655F-46E7-824E-2FBB2CE7AD45}.Ad-Hoc|iPhone.ActiveCfg = Release|Any CPU
		{46BBD655-655F-46E7-824E-2FBB2CE7AD45}.Ad-Hoc|iPhone.Build.0 = Release|Any CPU
		{46BBD655-655F-46E7-824E-2FBB2CE7AD45}.Ad-Hoc|iPhoneSimulator.ActiveCfg = Release|Any CPU
		{46BBD655-655F-46E7-824E-2FBB2CE7AD45}.Ad-Hoc|iPhoneSimulator.Build.0 = Release|Any CPU
		{46BBD655-655F-46E7-824E-2FBB2CE7AD45}.Ad-Hoc|x64.ActiveCfg = Release|Any CPU
		{46BBD655-655F-46E7-824E-2FBB2CE7AD45}.Ad-Hoc|x64.Build.0 = Release|Any CPU
		{46BBD655-655F-46E7-824E-2FBB2CE7AD45}.Ad-Hoc|x86.ActiveCfg = Release|Any CPU
		{46BBD655-655F-46E7-824E-2FBB2CE7AD45}.Ad-Hoc|x86.Build.0 = Release|Any CPU
		{46BBD655-655F-46E7-824E-2FBB2CE7AD45}.AppStore|Any CPU.ActiveCfg = Release|Any CPU
		{46BBD655-655F-46E7-824E-2FBB2CE7AD45}.AppStore|Any CPU.Build.0 = Release|Any CPU
		{46BBD655-655F-46E7-824E-2FBB2CE7AD45}.AppStore|ARM.ActiveCfg = Release|Any CPU
		{46BBD655-655F-46E7-824E-2FBB2CE7AD45}.AppStore|ARM.Build.0 = Release|Any CPU
		{46BBD655-655F-46E7-824E-2FBB2CE7AD45}.AppStore|iPhone.ActiveCfg = Release|Any CPU
		{46BBD655-655F-46E7-824E-2FBB2CE7AD45}.AppStore|iPhone.Build.0 = Release|Any CPU
		{46BBD655-655F-46E7-824E-2FBB2CE7AD45}.AppStore|iPhoneSimulator.ActiveCfg = Release|Any CPU
		{46BBD655-655F-46E7-824E-2FBB2CE7AD45}.AppStore|iPhoneSimulator.Build.0 = Release|Any CPU
		{46BBD655-655F-46E7-824E-2FBB2CE7AD45}.AppStore|x64.ActiveCfg = Release|Any CPU
		{46BBD655-655F-46E7-824E-2FBB2CE7AD45}.AppStore|x64.Build.0 = Release|Any CPU
		{46BBD655-655F-46E7-824E-2FBB2CE7AD45}.AppStore|x86.ActiveCfg = Release|Any CPU
		{46BBD655-655F-46E7-824E-2FBB2CE7AD45}.AppStore|x86.Build.0 = Release|Any CPU
		{46BBD655-655F-46E7-824E-2FBB2CE7AD45}.Debug|Any CPU.ActiveCfg = Debug|Any CPU
		{46BBD655-655F-46E7-824E-2FBB2CE7AD45}.Debug|Any CPU.Build.0 = Debug|Any CPU
		{46BBD655-655F-46E7-824E-2FBB2CE7AD45}.Debug|ARM.ActiveCfg = Debug|Any CPU
		{46BBD655-655F-46E7-824E-2FBB2CE7AD45}.Debug|ARM.Build.0 = Debug|Any CPU
		{46BBD655-655F-46E7-824E-2FBB2CE7AD45}.Debug|iPhone.ActiveCfg = Debug|Any CPU
		{46BBD655-655F-46E7-824E-2FBB2CE7AD45}.Debug|iPhone.Build.0 = Debug|Any CPU
		{46BBD655-655F-46E7-824E-2FBB2CE7AD45}.Debug|iPhoneSimulator.ActiveCfg = Debug|Any CPU
		{46BBD655-655F-46E7-824E-2FBB2CE7AD45}.Debug|iPhoneSimulator.Build.0 = Debug|Any CPU
		{46BBD655-655F-46E7-824E-2FBB2CE7AD45}.Debug|x64.ActiveCfg = Debug|Any CPU
		{46BBD655-655F-46E7-824E-2FBB2CE7AD45}.Debug|x64.Build.0 = Debug|Any CPU
		{46BBD655-655F-46E7-824E-2FBB2CE7AD45}.Debug|x86.ActiveCfg = Debug|Any CPU
		{46BBD655-655F-46E7-824E-2FBB2CE7AD45}.Debug|x86.Build.0 = Debug|Any CPU
		{46BBD655-655F-46E7-824E-2FBB2CE7AD45}.Release|Any CPU.ActiveCfg = Release|Any CPU
		{46BBD655-655F-46E7-824E-2FBB2CE7AD45}.Release|Any CPU.Build.0 = Release|Any CPU
		{46BBD655-655F-46E7-824E-2FBB2CE7AD45}.Release|ARM.ActiveCfg = Release|Any CPU
		{46BBD655-655F-46E7-824E-2FBB2CE7AD45}.Release|ARM.Build.0 = Release|Any CPU
		{46BBD655-655F-46E7-824E-2FBB2CE7AD45}.Release|iPhone.ActiveCfg = Release|Any CPU
		{46BBD655-655F-46E7-824E-2FBB2CE7AD45}.Release|iPhone.Build.0 = Release|Any CPU
		{46BBD655-655F-46E7-824E-2FBB2CE7AD45}.Release|iPhoneSimulator.ActiveCfg = Release|Any CPU
		{46BBD655-655F-46E7-824E-2FBB2CE7AD45}.Release|iPhoneSimulator.Build.0 = Release|Any CPU
		{46BBD655-655F-46E7-824E-2FBB2CE7AD45}.Release|x64.ActiveCfg = Release|Any CPU
		{46BBD655-655F-46E7-824E-2FBB2CE7AD45}.Release|x64.Build.0 = Release|Any CPU
		{46BBD655-655F-46E7-824E-2FBB2CE7AD45}.Release|x86.ActiveCfg = Release|Any CPU
		{46BBD655-655F-46E7-824E-2FBB2CE7AD45}.Release|x86.Build.0 = Release|Any CPU
		{C893FC65-3EA5-4CBB-8532-CAA915C8AD52}.Ad-Hoc|Any CPU.ActiveCfg = Release|x86
		{C893FC65-3EA5-4CBB-8532-CAA915C8AD52}.Ad-Hoc|Any CPU.Build.0 = Release|x86
		{C893FC65-3EA5-4CBB-8532-CAA915C8AD52}.Ad-Hoc|Any CPU.Deploy.0 = Release|x86
		{C893FC65-3EA5-4CBB-8532-CAA915C8AD52}.Ad-Hoc|ARM.ActiveCfg = Release|ARM
		{C893FC65-3EA5-4CBB-8532-CAA915C8AD52}.Ad-Hoc|ARM.Build.0 = Release|ARM
		{C893FC65-3EA5-4CBB-8532-CAA915C8AD52}.Ad-Hoc|ARM.Deploy.0 = Release|ARM
		{C893FC65-3EA5-4CBB-8532-CAA915C8AD52}.Ad-Hoc|iPhone.ActiveCfg = Release|x86
		{C893FC65-3EA5-4CBB-8532-CAA915C8AD52}.Ad-Hoc|iPhone.Build.0 = Release|x86
		{C893FC65-3EA5-4CBB-8532-CAA915C8AD52}.Ad-Hoc|iPhone.Deploy.0 = Release|x86
		{C893FC65-3EA5-4CBB-8532-CAA915C8AD52}.Ad-Hoc|iPhoneSimulator.ActiveCfg = Release|x86
		{C893FC65-3EA5-4CBB-8532-CAA915C8AD52}.Ad-Hoc|iPhoneSimulator.Build.0 = Release|x86
		{C893FC65-3EA5-4CBB-8532-CAA915C8AD52}.Ad-Hoc|iPhoneSimulator.Deploy.0 = Release|x86
		{C893FC65-3EA5-4CBB-8532-CAA915C8AD52}.Ad-Hoc|x64.ActiveCfg = Release|x64
		{C893FC65-3EA5-4CBB-8532-CAA915C8AD52}.Ad-Hoc|x64.Build.0 = Release|x64
		{C893FC65-3EA5-4CBB-8532-CAA915C8AD52}.Ad-Hoc|x64.Deploy.0 = Release|x64
		{C893FC65-3EA5-4CBB-8532-CAA915C8AD52}.Ad-Hoc|x86.ActiveCfg = Release|x86
		{C893FC65-3EA5-4CBB-8532-CAA915C8AD52}.Ad-Hoc|x86.Build.0 = Release|x86
		{C893FC65-3EA5-4CBB-8532-CAA915C8AD52}.Ad-Hoc|x86.Deploy.0 = Release|x86
		{C893FC65-3EA5-4CBB-8532-CAA915C8AD52}.AppStore|Any CPU.ActiveCfg = Release|x86
		{C893FC65-3EA5-4CBB-8532-CAA915C8AD52}.AppStore|Any CPU.Build.0 = Release|x86
		{C893FC65-3EA5-4CBB-8532-CAA915C8AD52}.AppStore|Any CPU.Deploy.0 = Release|x86
		{C893FC65-3EA5-4CBB-8532-CAA915C8AD52}.AppStore|ARM.ActiveCfg = Release|ARM
		{C893FC65-3EA5-4CBB-8532-CAA915C8AD52}.AppStore|ARM.Build.0 = Release|ARM
		{C893FC65-3EA5-4CBB-8532-CAA915C8AD52}.AppStore|ARM.Deploy.0 = Release|ARM
		{C893FC65-3EA5-4CBB-8532-CAA915C8AD52}.AppStore|iPhone.ActiveCfg = Release|x86
		{C893FC65-3EA5-4CBB-8532-CAA915C8AD52}.AppStore|iPhone.Build.0 = Release|x86
		{C893FC65-3EA5-4CBB-8532-CAA915C8AD52}.AppStore|iPhone.Deploy.0 = Release|x86
		{C893FC65-3EA5-4CBB-8532-CAA915C8AD52}.AppStore|iPhoneSimulator.ActiveCfg = Release|x86
		{C893FC65-3EA5-4CBB-8532-CAA915C8AD52}.AppStore|iPhoneSimulator.Build.0 = Release|x86
		{C893FC65-3EA5-4CBB-8532-CAA915C8AD52}.AppStore|iPhoneSimulator.Deploy.0 = Release|x86
		{C893FC65-3EA5-4CBB-8532-CAA915C8AD52}.AppStore|x64.ActiveCfg = Release|x64
		{C893FC65-3EA5-4CBB-8532-CAA915C8AD52}.AppStore|x64.Build.0 = Release|x64
		{C893FC65-3EA5-4CBB-8532-CAA915C8AD52}.AppStore|x64.Deploy.0 = Release|x64
		{C893FC65-3EA5-4CBB-8532-CAA915C8AD52}.AppStore|x86.ActiveCfg = Release|x86
		{C893FC65-3EA5-4CBB-8532-CAA915C8AD52}.AppStore|x86.Build.0 = Release|x86
		{C893FC65-3EA5-4CBB-8532-CAA915C8AD52}.AppStore|x86.Deploy.0 = Release|x86
		{C893FC65-3EA5-4CBB-8532-CAA915C8AD52}.Debug|Any CPU.ActiveCfg = Debug|x86
		{C893FC65-3EA5-4CBB-8532-CAA915C8AD52}.Debug|ARM.ActiveCfg = Debug|ARM
		{C893FC65-3EA5-4CBB-8532-CAA915C8AD52}.Debug|ARM.Build.0 = Debug|ARM
		{C893FC65-3EA5-4CBB-8532-CAA915C8AD52}.Debug|ARM.Deploy.0 = Debug|ARM
		{C893FC65-3EA5-4CBB-8532-CAA915C8AD52}.Debug|iPhone.ActiveCfg = Debug|x86
		{C893FC65-3EA5-4CBB-8532-CAA915C8AD52}.Debug|iPhoneSimulator.ActiveCfg = Debug|x86
		{C893FC65-3EA5-4CBB-8532-CAA915C8AD52}.Debug|x64.ActiveCfg = Debug|x64
		{C893FC65-3EA5-4CBB-8532-CAA915C8AD52}.Debug|x64.Build.0 = Debug|x64
		{C893FC65-3EA5-4CBB-8532-CAA915C8AD52}.Debug|x64.Deploy.0 = Debug|x64
		{C893FC65-3EA5-4CBB-8532-CAA915C8AD52}.Debug|x86.ActiveCfg = Debug|x86
		{C893FC65-3EA5-4CBB-8532-CAA915C8AD52}.Debug|x86.Build.0 = Debug|x86
		{C893FC65-3EA5-4CBB-8532-CAA915C8AD52}.Debug|x86.Deploy.0 = Debug|x86
		{C893FC65-3EA5-4CBB-8532-CAA915C8AD52}.Release|Any CPU.ActiveCfg = Release|x86
		{C893FC65-3EA5-4CBB-8532-CAA915C8AD52}.Release|ARM.ActiveCfg = Release|ARM
		{C893FC65-3EA5-4CBB-8532-CAA915C8AD52}.Release|ARM.Build.0 = Release|ARM
		{C893FC65-3EA5-4CBB-8532-CAA915C8AD52}.Release|ARM.Deploy.0 = Release|ARM
		{C893FC65-3EA5-4CBB-8532-CAA915C8AD52}.Release|iPhone.ActiveCfg = Release|x86
		{C893FC65-3EA5-4CBB-8532-CAA915C8AD52}.Release|iPhoneSimulator.ActiveCfg = Release|x86
		{C893FC65-3EA5-4CBB-8532-CAA915C8AD52}.Release|x64.ActiveCfg = Release|x64
		{C893FC65-3EA5-4CBB-8532-CAA915C8AD52}.Release|x64.Build.0 = Release|x64
		{C893FC65-3EA5-4CBB-8532-CAA915C8AD52}.Release|x64.Deploy.0 = Release|x64
		{C893FC65-3EA5-4CBB-8532-CAA915C8AD52}.Release|x86.ActiveCfg = Release|x86
		{C893FC65-3EA5-4CBB-8532-CAA915C8AD52}.Release|x86.Build.0 = Release|x86
		{C893FC65-3EA5-4CBB-8532-CAA915C8AD52}.Release|x86.Deploy.0 = Release|x86
		{DCDAA5BF-CBAE-4915-881A-7330CF2261F6}.Ad-Hoc|Any CPU.ActiveCfg = Ad-Hoc|iPhone
		{DCDAA5BF-CBAE-4915-881A-7330CF2261F6}.Ad-Hoc|ARM.ActiveCfg = Ad-Hoc|iPhone
		{DCDAA5BF-CBAE-4915-881A-7330CF2261F6}.Ad-Hoc|iPhone.ActiveCfg = Ad-Hoc|iPhone
		{DCDAA5BF-CBAE-4915-881A-7330CF2261F6}.Ad-Hoc|iPhone.Build.0 = Ad-Hoc|iPhone
		{DCDAA5BF-CBAE-4915-881A-7330CF2261F6}.Ad-Hoc|iPhoneSimulator.ActiveCfg = Ad-Hoc|iPhoneSimulator
		{DCDAA5BF-CBAE-4915-881A-7330CF2261F6}.Ad-Hoc|iPhoneSimulator.Build.0 = Ad-Hoc|iPhoneSimulator
		{DCDAA5BF-CBAE-4915-881A-7330CF2261F6}.Ad-Hoc|x64.ActiveCfg = Ad-Hoc|iPhone
		{DCDAA5BF-CBAE-4915-881A-7330CF2261F6}.Ad-Hoc|x86.ActiveCfg = Ad-Hoc|iPhone
		{DCDAA5BF-CBAE-4915-881A-7330CF2261F6}.AppStore|Any CPU.ActiveCfg = AppStore|iPhone
		{DCDAA5BF-CBAE-4915-881A-7330CF2261F6}.AppStore|ARM.ActiveCfg = AppStore|iPhone
		{DCDAA5BF-CBAE-4915-881A-7330CF2261F6}.AppStore|iPhone.ActiveCfg = AppStore|iPhone
		{DCDAA5BF-CBAE-4915-881A-7330CF2261F6}.AppStore|iPhone.Build.0 = AppStore|iPhone
		{DCDAA5BF-CBAE-4915-881A-7330CF2261F6}.AppStore|iPhoneSimulator.ActiveCfg = AppStore|iPhoneSimulator
		{DCDAA5BF-CBAE-4915-881A-7330CF2261F6}.AppStore|iPhoneSimulator.Build.0 = AppStore|iPhoneSimulator
		{DCDAA5BF-CBAE-4915-881A-7330CF2261F6}.AppStore|x64.ActiveCfg = AppStore|iPhone
		{DCDAA5BF-CBAE-4915-881A-7330CF2261F6}.AppStore|x86.ActiveCfg = AppStore|iPhone
		{DCDAA5BF-CBAE-4915-881A-7330CF2261F6}.Debug|Any CPU.ActiveCfg = Debug|iPhone
		{DCDAA5BF-CBAE-4915-881A-7330CF2261F6}.Debug|ARM.ActiveCfg = Debug|iPhone
		{DCDAA5BF-CBAE-4915-881A-7330CF2261F6}.Debug|iPhone.ActiveCfg = Debug|iPhone
		{DCDAA5BF-CBAE-4915-881A-7330CF2261F6}.Debug|iPhone.Build.0 = Debug|iPhone
		{DCDAA5BF-CBAE-4915-881A-7330CF2261F6}.Debug|iPhoneSimulator.ActiveCfg = Debug|iPhoneSimulator
		{DCDAA5BF-CBAE-4915-881A-7330CF2261F6}.Debug|iPhoneSimulator.Build.0 = Debug|iPhoneSimulator
		{DCDAA5BF-CBAE-4915-881A-7330CF2261F6}.Debug|x64.ActiveCfg = Debug|iPhone
		{DCDAA5BF-CBAE-4915-881A-7330CF2261F6}.Debug|x86.ActiveCfg = Debug|iPhone
		{DCDAA5BF-CBAE-4915-881A-7330CF2261F6}.Release|Any CPU.ActiveCfg = Release|iPhone
		{DCDAA5BF-CBAE-4915-881A-7330CF2261F6}.Release|ARM.ActiveCfg = Release|iPhone
		{DCDAA5BF-CBAE-4915-881A-7330CF2261F6}.Release|iPhone.ActiveCfg = Release|iPhone
		{DCDAA5BF-CBAE-4915-881A-7330CF2261F6}.Release|iPhone.Build.0 = Release|iPhone
		{DCDAA5BF-CBAE-4915-881A-7330CF2261F6}.Release|iPhoneSimulator.ActiveCfg = Release|iPhoneSimulator
		{DCDAA5BF-CBAE-4915-881A-7330CF2261F6}.Release|iPhoneSimulator.Build.0 = Release|iPhoneSimulator
		{DCDAA5BF-CBAE-4915-881A-7330CF2261F6}.Release|x64.ActiveCfg = Release|iPhone
		{DCDAA5BF-CBAE-4915-881A-7330CF2261F6}.Release|x86.ActiveCfg = Release|iPhone
	EndGlobalSection
	GlobalSection(SolutionProperties) = preSolution
		HideSolutionNode = FALSE
	EndGlobalSection
EndGlobal
